
Microsoft Visual Studio Solution File, Format Version 12.00
# Visual Studio Version 17
VisualStudioVersion = 17.7.34031.279
MinimumVisualStudioVersion = 10.0.40219.1
Project("{FAE04EC0-301F-11D3-BF4B-00C04F79EFBC}") = "TesteWhatsApp", "TesteWhatsApp.csproj", "{D133E1B6-75A7-4F09-8417-08D5108EA917}"
EndProject
Global
	GlobalSection(SolutionConfigurationPlatforms) = preSolution
		Debug|Any CPU = Debug|Any CPU
		Release|Any CPU = Release|Any CPU
	EndGlobalSection
	GlobalSection(ProjectConfigurationPlatforms) = postSolution
		{D133E1B6-75A7-4F09-8417-08D5108EA917}.Debug|Any CPU.ActiveCfg = Debug|Any CPU
		{D133E1B6-75A7-4F09-8417-08D5108EA917}.Debug|Any CPU.Build.0 = Debug|Any CPU
		{D133E1B6-75A7-4F09-8417-08D5108EA917}.Release|Any CPU.ActiveCfg = Release|Any CPU
		{D133E1B6-75A7-4F09-8417-08D5108EA917}.Release|Any CPU.Build.0 = Release|Any CPU
	EndGlobalSection
	GlobalSection(SolutionProperties) = preSolution
		HideSolutionNode = FALSE
	EndGlobalSection
	GlobalSection(ExtensibilityGlobals) = postSolution
		SolutionGuid = {BF43495C-32EE-45C7-957F-23D18F54C1EB}
	EndGlobalSection
EndGlobal
